
Microsoft Visual Studio Solution File, Format Version 12.00
# Visual Studio Version 16
VisualStudioVersion = 16.0.30523.141
MinimumVisualStudioVersion = 10.0.40219.1
Project("{2150E333-8FDC-42A3-9474-1A3956D46DE8}") = "src", "src", "{428932AE-7499-40ED-8CAF-95FA3F35052C}"
EndProject
Project("{2150E333-8FDC-42A3-9474-1A3956D46DE8}") = "Catalog", "Catalog", "{2BCB0193-74D3-4F1A-9DBF-9F85831C3CFC}"
EndProject
Project("{9A19103F-16F7-4668-BE54-9A1E7A4F7556}") = "Catalog.API", "src\Catalog\Catalog.API\Catalog.API.csproj", "{707A5BD1-672E-4388-83C1-BF6019A7405F}"
EndProject
Project("{E53339B2-1760-4266-BCC7-CA923CBCF16C}") = "docker-compose", "docker-compose.dcproj", "{C74D30C8-4872-414F-A5EC-4CF3EF704E4C}"
EndProject
Project("{2150E333-8FDC-42A3-9474-1A3956D46DE8}") = "Basket", "Basket", "{A44660D8-F49C-4AE1-BD7A-F33383913027}"
EndProject
Project("{9A19103F-16F7-4668-BE54-9A1E7A4F7556}") = "Basket.API", "src\Basket\Basket.API\Basket.API.csproj", "{AE5490B2-CFD2-44B2-84DD-3AC99B4D96A5}"
EndProject
Project("{2150E333-8FDC-42A3-9474-1A3956D46DE8}") = "Common", "Common", "{98AB7956-3603-4BD4-A801-960AED110789}"
EndProject
Project("{9A19103F-16F7-4668-BE54-9A1E7A4F7556}") = "EventBusRabbitMQ", "src\Common\EventBusRabbitMQ\EventBusRabbitMQ.csproj", "{42A65795-F5B4-4498-898E-FE0C4F153242}"
EndProject
Project("{2150E333-8FDC-42A3-9474-1A3956D46DE8}") = "Ordering", "Ordering", "{0BBCC63A-8268-4199-9BCE-E3B2B8D5E7FE}"
EndProject
Project("{FAE04EC0-301F-11D3-BF4B-00C04F79EFBC}") = "Ordering.API", "src\Ordering\Ordering.API\Ordering.API.csproj", "{BBDC284A-76D0-4875-8CF2-CF3D3D6B6790}"
EndProject
Project("{FAE04EC0-301F-11D3-BF4B-00C04F79EFBC}") = "Ordering.Core", "src\Ordering\Ordering.Core\Ordering.Core.csproj", "{0B4D3D01-2105-439B-8813-58B961EEBA03}"
EndProject
Project("{FAE04EC0-301F-11D3-BF4B-00C04F79EFBC}") = "Ordering.Infrastructure", "src\Ordering\Ordering.Infraestructure\Ordering.Infrastructure.csproj", "{37AD9B96-C1C4-42E3-BC98-BD0F6F0B1AEC}"
EndProject
Project("{FAE04EC0-301F-11D3-BF4B-00C04F79EFBC}") = "Ordering.Application", "src\Ordering\Ordering.Application\Ordering.Application.csproj", "{21938E00-14F4-4640-AB31-86F581FDD95B}"
EndProject
Global
	GlobalSection(SolutionConfigurationPlatforms) = preSolution
		Debug|Any CPU = Debug|Any CPU
		Release|Any CPU = Release|Any CPU
	EndGlobalSection
	GlobalSection(ProjectConfigurationPlatforms) = postSolution
		{707A5BD1-672E-4388-83C1-BF6019A7405F}.Debug|Any CPU.ActiveCfg = Debug|Any CPU
		{707A5BD1-672E-4388-83C1-BF6019A7405F}.Debug|Any CPU.Build.0 = Debug|Any CPU
		{707A5BD1-672E-4388-83C1-BF6019A7405F}.Release|Any CPU.ActiveCfg = Release|Any CPU
		{707A5BD1-672E-4388-83C1-BF6019A7405F}.Release|Any CPU.Build.0 = Release|Any CPU
		{C74D30C8-4872-414F-A5EC-4CF3EF704E4C}.Debug|Any CPU.ActiveCfg = Debug|Any CPU
		{C74D30C8-4872-414F-A5EC-4CF3EF704E4C}.Debug|Any CPU.Build.0 = Debug|Any CPU
		{C74D30C8-4872-414F-A5EC-4CF3EF704E4C}.Release|Any CPU.ActiveCfg = Release|Any CPU
		{C74D30C8-4872-414F-A5EC-4CF3EF704E4C}.Release|Any CPU.Build.0 = Release|Any CPU
		{AE5490B2-CFD2-44B2-84DD-3AC99B4D96A5}.Debug|Any CPU.ActiveCfg = Debug|Any CPU
		{AE5490B2-CFD2-44B2-84DD-3AC99B4D96A5}.Debug|Any CPU.Build.0 = Debug|Any CPU
		{AE5490B2-CFD2-44B2-84DD-3AC99B4D96A5}.Release|Any CPU.ActiveCfg = Release|Any CPU
		{AE5490B2-CFD2-44B2-84DD-3AC99B4D96A5}.Release|Any CPU.Build.0 = Release|Any CPU
		{42A65795-F5B4-4498-898E-FE0C4F153242}.Debug|Any CPU.ActiveCfg = Debug|Any CPU
		{42A65795-F5B4-4498-898E-FE0C4F153242}.Debug|Any CPU.Build.0 = Debug|Any CPU
		{42A65795-F5B4-4498-898E-FE0C4F153242}.Release|Any CPU.ActiveCfg = Release|Any CPU
		{42A65795-F5B4-4498-898E-FE0C4F153242}.Release|Any CPU.Build.0 = Release|Any CPU
		{BBDC284A-76D0-4875-8CF2-CF3D3D6B6790}.Debug|Any CPU.ActiveCfg = Debug|Any CPU
		{BBDC284A-76D0-4875-8CF2-CF3D3D6B6790}.Debug|Any CPU.Build.0 = Debug|Any CPU
		{BBDC284A-76D0-4875-8CF2-CF3D3D6B6790}.Release|Any CPU.ActiveCfg = Release|Any CPU
		{BBDC284A-76D0-4875-8CF2-CF3D3D6B6790}.Release|Any CPU.Build.0 = Release|Any CPU
		{0B4D3D01-2105-439B-8813-58B961EEBA03}.Debug|Any CPU.ActiveCfg = Debug|Any CPU
		{0B4D3D01-2105-439B-8813-58B961EEBA03}.Debug|Any CPU.Build.0 = Debug|Any CPU
		{0B4D3D01-2105-439B-8813-58B961EEBA03}.Release|Any CPU.ActiveCfg = Release|Any CPU
		{0B4D3D01-2105-439B-8813-58B961EEBA03}.Release|Any CPU.Build.0 = Release|Any CPU
		{37AD9B96-C1C4-42E3-BC98-BD0F6F0B1AEC}.Debug|Any CPU.ActiveCfg = Debug|Any CPU
		{37AD9B96-C1C4-42E3-BC98-BD0F6F0B1AEC}.Debug|Any CPU.Build.0 = Debug|Any CPU
		{37AD9B96-C1C4-42E3-BC98-BD0F6F0B1AEC}.Release|Any CPU.ActiveCfg = Release|Any CPU
		{37AD9B96-C1C4-42E3-BC98-BD0F6F0B1AEC}.Release|Any CPU.Build.0 = Release|Any CPU
		{21938E00-14F4-4640-AB31-86F581FDD95B}.Debug|Any CPU.ActiveCfg = Debug|Any CPU
		{21938E00-14F4-4640-AB31-86F581FDD95B}.Debug|Any CPU.Build.0 = Debug|Any CPU
		{21938E00-14F4-4640-AB31-86F581FDD95B}.Release|Any CPU.ActiveCfg = Release|Any CPU
		{21938E00-14F4-4640-AB31-86F581FDD95B}.Release|Any CPU.Build.0 = Release|Any CPU
	EndGlobalSection
	GlobalSection(SolutionProperties) = preSolution
		HideSolutionNode = FALSE
	EndGlobalSection
	GlobalSection(NestedProjects) = preSolution
		{2BCB0193-74D3-4F1A-9DBF-9F85831C3CFC} = {428932AE-7499-40ED-8CAF-95FA3F35052C}
		{707A5BD1-672E-4388-83C1-BF6019A7405F} = {2BCB0193-74D3-4F1A-9DBF-9F85831C3CFC}
		{A44660D8-F49C-4AE1-BD7A-F33383913027} = {428932AE-7499-40ED-8CAF-95FA3F35052C}
		{AE5490B2-CFD2-44B2-84DD-3AC99B4D96A5} = {A44660D8-F49C-4AE1-BD7A-F33383913027}
		{98AB7956-3603-4BD4-A801-960AED110789} = {428932AE-7499-40ED-8CAF-95FA3F35052C}
		{42A65795-F5B4-4498-898E-FE0C4F153242} = {98AB7956-3603-4BD4-A801-960AED110789}
		{0BBCC63A-8268-4199-9BCE-E3B2B8D5E7FE} = {428932AE-7499-40ED-8CAF-95FA3F35052C}
		{BBDC284A-76D0-4875-8CF2-CF3D3D6B6790} = {0BBCC63A-8268-4199-9BCE-E3B2B8D5E7FE}
		{0B4D3D01-2105-439B-8813-58B961EEBA03} = {0BBCC63A-8268-4199-9BCE-E3B2B8D5E7FE}
		{37AD9B96-C1C4-42E3-BC98-BD0F6F0B1AEC} = {0BBCC63A-8268-4199-9BCE-E3B2B8D5E7FE}
		{21938E00-14F4-4640-AB31-86F581FDD95B} = {0BBCC63A-8268-4199-9BCE-E3B2B8D5E7FE}
	EndGlobalSection
	GlobalSection(ExtensibilityGlobals) = postSolution
		SolutionGuid = {FE8071E4-DABC-4501-8E82-9DA6691EE66C}
	EndGlobalSection
EndGlobal
